
Microsoft Visual Studio Solution File, Format Version 12.00
# Visual Studio Version 17
VisualStudioVersion = 17.11.35303.130
MinimumVisualStudioVersion = 10.0.40219.1
Project("{FAE04EC0-301F-11D3-BF4B-00C04F79EFBC}") = "broker", "broker\broker.csproj", "{A5F67BC6-B0F8-4B2F-B09C-3045B713B4E1}"
EndProject
Global
	GlobalSection(SolutionConfigurationPlatforms) = preSolution
		Debug|Any CPU = Debug|Any CPU
		Release|Any CPU = Release|Any CPU
	EndGlobalSection
	GlobalSection(ProjectConfigurationPlatforms) = postSolution
		{A5F67BC6-B0F8-4B2F-B09C-3045B713B4E1}.Debug|Any CPU.ActiveCfg = Debug|Any CPU
		{A5F67BC6-B0F8-4B2F-B09C-3045B713B4E1}.Debug|Any CPU.Build.0 = Debug|Any CPU
		{A5F67BC6-B0F8-4B2F-B09C-3045B713B4E1}.Release|Any CPU.ActiveCfg = Release|Any CPU
		{A5F67BC6-B0F8-4B2F-B09C-3045B713B4E1}.Release|Any CPU.Build.0 = Release|Any CPU
	EndGlobalSection
	GlobalSection(SolutionProperties) = preSolution
		HideSolutionNode = FALSE
	EndGlobalSection
	GlobalSection(ExtensibilityGlobals) = postSolution
		SolutionGuid = {0DA0778F-5926-4E94-87BF-B55E34E8027A}
	EndGlobalSection
EndGlobal
